// !$*UTF8*$!
{
	archiveVersion = 1;
	classes = {
	};
	objectVersion = 50;
	objects = {

/* Begin PBXBuildFile section */
		582D0C5225187AE500D57FEB /* AppDelegate.m in Sources */ = {isa = PBXBuildFile; fileRef = 582D0C5125187AE500D57FEB /* AppDelegate.m */; };
		582D0C5525187AE500D57FEB /* SceneDelegate.m in Sources */ = {isa = PBXBuildFile; fileRef = 582D0C5425187AE500D57FEB /* SceneDelegate.m */; };
		582D0C5825187AE500D57FEB /* ViewController.m in Sources */ = {isa = PBXBuildFile; fileRef = 582D0C5725187AE500D57FEB /* ViewController.m */; };
		582D0C5B25187AE500D57FEB /* Main.storyboard in Resources */ = {isa = PBXBuildFile; fileRef = 582D0C5925187AE500D57FEB /* Main.storyboard */; };
		582D0C5D25187AE800D57FEB /* Assets.xcassets in Resources */ = {isa = PBXBuildFile; fileRef = 582D0C5C25187AE800D57FEB /* Assets.xcassets */; };
		582D0C6025187AE800D57FEB /* LaunchScreen.storyboard in Resources */ = {isa = PBXBuildFile; fileRef = 582D0C5E25187AE800D57FEB /* LaunchScreen.storyboard */; };
		582D0C6325187AE800D57FEB /* main.m in Sources */ = {isa = PBXBuildFile; fileRef = 582D0C6225187AE800D57FEB /* main.m */; };
/* End PBXBuildFile section */

/* Begin PBXFileReference section */
		582D0C4D25187AE500D57FEB /* ZMFontSet.app */ = {isa = PBXFileReference; explicitFileType = wrapper.application; includeInIndex = 0; path = ZMFontSet.app; sourceTree = BUILT_PRODUCTS_DIR; };
		582D0C5025187AE500D57FEB /* AppDelegate.h */ = {isa = PBXFileReference; lastKnownFileType = sourcecode.c.h; path = AppDelegate.h; sourceTree = "<group>"; };
		582D0C5125187AE500D57FEB /* AppDelegate.m */ = {isa = PBXFileReference; lastKnownFileType = sourcecode.c.objc; path = AppDelegate.m; sourceTree = "<group>"; };
		582D0C5325187AE500D57FEB /* SceneDelegate.h */ = {isa = PBXFileReference; lastKnownFileType = sourcecode.c.h; path = SceneDelegate.h; sourceTree = "<group>"; };
		582D0C5425187AE500D57FEB /* SceneDelegate.m */ = {isa = PBXFileReference; lastKnownFileType = sourcecode.c.objc; path = SceneDelegate.m; sourceTree = "<group>"; };
		582D0C5625187AE500D57FEB /* ViewController.h */ = {isa = PBXFileReference; lastKnownFileType = sourcecode.c.h; path = ViewController.h; sourceTree = "<group>"; };
		582D0C5725187AE500D57FEB /* ViewController.m */ = {isa = PBXFileReference; lastKnownFileType = sourcecode.c.objc; path = ViewController.m; sourceTree = "<group>"; };
		582D0C5A25187AE500D57FEB /* Base */ = {isa = PBXFileReference; lastKnownFileType = file.storyboard; name = Base; path = Base.lproj/Main.storyboard; sourceTree = "<group>"; };
		582D0C5C25187AE800D57FEB /* Assets.xcassets */ = {isa = PBXFileReference; lastKnownFileType = folder.assetcatalog; path = Assets.xcassets; sourceTree = "<group>"; };
		582D0C5F25187AE800D57FEB /* Base */ = {isa = PBXFileReference; lastKnownFileType = file.storyboard; name = Base; path = Base.lproj/LaunchScreen.storyboard; sourceTree = "<group>"; };
		582D0C6125187AE800D57FEB /* Info.plist */ = {isa = PBXFileReference; lastKnownFileType = text.plist.xml; path = Info.plist; sourceTree = "<group>"; };
		582D0C6225187AE800D57FEB /* main.m */ = {isa = PBXFileReference; lastKnownFileType = sourcecode.c.objc; path = main.m; sourceTree = "<group>"; };
/* End PBXFileReference section */

/* Begin PBXFrameworksBuildPhase section */
		582D0C4A25187AE500D57FEB /* Frameworks */ = {
			isa = PBXFrameworksBuildPhase;
			buildActionMask = 2147483647;
			files = (
			);
			runOnlyForDeploymentPostprocessing = 0;
		};
/* End PBXFrameworksBuildPhase section */

/* Begin PBXGroup section */
		582D0C4425187AE500D57FEB = {
			isa = PBXGroup;
			children = (
				582D0C4F25187AE500D57FEB /* ZMFontSet */,
				582D0C4E25187AE500D57FEB /* Products */,
			);
			sourceTree = "<group>";
		};
		582D0C4E25187AE500D57FEB /* Products */ = {
			isa = PBXGroup;
			children = (
				582D0C4D25187AE500D57FEB /* ZMFontSet.app */,
			);
			name = Products;
			sourceTree = "<group>";
		};
		582D0C4F25187AE500D57FEB /* ZMFontSet */ = {
			isa = PBXGroup;
			children = (
				582D0C5025187AE500D57FEB /* AppDelegate.h */,
				582D0C5125187AE500D57FEB /* AppDelegate.m */,
				582D0C5325187AE500D57FEB /* SceneDelegate.h */,
				582D0C5425187AE500D57FEB /* SceneDelegate.m */,
				582D0C5625187AE500D57FEB /* ViewController.h */,
				582D0C5725187AE500D57FEB /* ViewController.m */,
				582D0C5925187AE500D57FEB /* Main.storyboard */,
				582D0C5C25187AE800D57FEB /* Assets.xcassets */,
				582D0C5E25187AE800D57FEB /* LaunchScreen.storyboard */,
				582D0C6125187AE800D57FEB /* Info.plist */,
				582D0C6225187AE800D57FEB /* main.m */,
			);
			path = ZMFontSet;
			sourceTree = "<group>";
		};
/* End PBXGroup section */

/* Begin PBXNativeTarget section */
		582D0C4C25187AE500D57FEB /* ZMFontSet */ = {
			isa = PBXNativeTarget;
			buildConfigurationList = 582D0C6625187AE800D57FEB /* Build configuration list for PBXNativeTarget "ZMFontSet" */;
			buildPhases = (
				582D0C4925187AE500D57FEB /* Sources */,
				582D0C4A25187AE500D57FEB /* Frameworks */,
				582D0C4B25187AE500D57FEB /* Resources */,
			);
			buildRules = (
			);
			dependencies = (
			);
			name = ZMFontSet;
			productName = ZMFontSet;
			productReference = 582D0C4D25187AE500D57FEB /* ZMFontSet.app */;
			productType = "com.apple.product-type.application";
		};
/* End PBXNativeTarget section */

/* Begin PBXProject section */
		582D0C4525187AE500D57FEB /* Project object */ = {
			isa = PBXProject;
			attributes = {
				LastUpgradeCheck = 1200;
				TargetAttributes = {
					582D0C4C25187AE500D57FEB = {
						CreatedOnToolsVersion = 12.0;
					};
				};
			};
			buildConfigurationList = 582D0C4825187AE500D57FEB /* Build configuration list for PBXProject "ZMFontSet" */;
			compatibilityVersion = "Xcode 9.3";
			developmentRegion = en;
			hasScannedForEncodings = 0;
			knownRegions = (
				en,
				Base,
			);
			mainGroup = 582D0C4425187AE500D57FEB;
			productRefGroup = 582D0C4E25187AE500D57FEB /* Products */;
			projectDirPath = "";
			projectRoot = "";
			targets = (
				582D0C4C25187AE500D57FEB /* ZMFontSet */,
			);
		};
/* End PBXProject section */

/* Begin PBXResourcesBuildPhase section */
		582D0C4B25187AE500D57FEB /* Resources */ = {
			isa = PBXResourcesBuildPhase;
			buildActionMask = 2147483647;
			files = (
				582D0C6025187AE800D57FEB /* LaunchScreen.storyboard in Resources */,
				582D0C5D25187AE800D57FEB /* Assets.xcassets in Resources */,
				582D0C5B25187AE500D57FEB /* Main.storyboard in Resources */,
			);
			runOnlyForDeploymentPostprocessing = 0;
		};
/* End PBXResourcesBuildPhase section */

/* Begin PBXSourcesBuildPhase section */
		582D0C4925187AE500D57FEB /* Sources */ = {
			isa = PBXSourcesBuildPhase;
			buildActionMask = 2147483647;
			files = (
				582D0C5825187AE500D57FEB /* ViewController.m in Sources */,
				582D0C5225187AE500D57FEB /* AppDelegate.m in Sources */,
				582D0C6325187AE800D57FEB /* main.m in Sources */,
				582D0C5525187AE500D57FEB /* SceneDelegate.m in Sources */,
			);
			runOnlyForDeploymentPostprocessing = 0;
		};
/* End PBXSourcesBuildPhase section */

/* Begin PBXVariantGroup section */
		582D0C5925187AE500D57FEB /* Main.storyboard */ = {
			isa = PBXVariantGroup;
			children = (
				582D0C5A25187AE500D57FEB /* Base */,
			);
			name = Main.storyboard;
			sourceTree = "<group>";
		};
		582D0C5E25187AE800D57FEB /* LaunchScreen.storyboard */ = {
			isa = PBXVariantGroup;
			children = (
				582D0C5F25187AE800D57FEB /* Base */,
			);
			name = LaunchScreen.storyboard;
			sourceTree = "<group>";
		};
/* End PBXVariantGroup section */

/* Begin XCBuildConfiguration section */
		582D0C6425187AE800D57FEB /* Debug */ = {
			isa = XCBuildConfiguration;
			buildSettings = {
				ALWAYS_SEARCH_USER_PATHS = NO;
				CLANG_ANALYZER_NONNULL = YES;
				CLANG_ANALYZER_NUMBER_OBJECT_CONVERSION = YES_AGGRESSIVE;
				CLANG_CXX_LANGUAGE_STANDARD = "gnu++14";
				CLANG_CXX_LIBRARY = "libc++";
				CLANG_ENABLE_MODULES = YES;
				CLANG_ENABLE_OBJC_ARC = YES;
				CLANG_ENABLE_OBJC_WEAK = YES;
				CLANG_WARN_BLOCK_CAPTURE_AUTORELEASING = YES;
				CLANG_WARN_BOOL_CONVERSION = YES;
				CLANG_WARN_COMMA = YES;
				CLANG_WARN_CONSTANT_CONVERSION = YES;
				CLANG_WARN_DEPRECATED_OBJC_IMPLEMENTATIONS = YES;
				CLANG_WARN_DIRECT_OBJC_ISA_USAGE = YES_ERROR;
				CLANG_WARN_DOCUMENTATION_COMMENTS = YES;
				CLANG_WARN_EMPTY_BODY = YES;
				CLANG_WARN_ENUM_CONVERSION = YES;
				CLANG_WARN_INFINITE_RECURSION = YES;
				CLANG_WARN_INT_CONVERSION = YES;
				CLANG_WARN_NON_LITERAL_NULL_CONVERSION = YES;
				CLANG_WARN_OBJC_IMPLICIT_RETAIN_SELF = YES;
				CLANG_WARN_OBJC_LITERAL_CONVERSION = YES;
				CLANG_WARN_OBJC_ROOT_CLASS = YES_ERROR;
				CLANG_WARN_QUOTED_INCLUDE_IN_FRAMEWORK_HEADER = YES;
				CLANG_WARN_RANGE_LOOP_ANALYSIS = YES;
				CLANG_WARN_STRICT_PROTOTYPES = YES;
				CLANG_WARN_SUSPICIOUS_MOVE = YES;
				CLANG_WARN_UNGUARDED_AVAILABILITY = YES_AGGRESSIVE;
				CLANG_WARN_UNREACHABLE_CODE = YES;
				CLANG_WARN__DUPLICATE_METHOD_MATCH = YES;
				COPY_PHASE_STRIP = NO;
				DEBUG_INFORMATION_FORMAT = dwarf;
				ENABLE_STRICT_OBJC_MSGSEND = YES;
				ENABLE_TESTABILITY = YES;
				GCC_C_LANGUAGE_STANDARD = gnu11;
				GCC_DYNAMIC_NO_PIC = NO;
				GCC_NO_COMMON_BLOCKS = YES;
				GCC_OPTIMIZATION_LEVEL = 0;
				GCC_PREPROCESSOR_DEFINITIONS = (
					"DEBUG=1",
					"$(inherited)",
				);
				GCC_WARN_64_TO_32_BIT_CONVERSION = YES;
				GCC_WARN_ABOUT_RETURN_TYPE = YES_ERROR;
				GCC_WARN_UNDECLARED_SELECTOR = YES;
				GCC_WARN_UNINITIALIZED_AUTOS = YES_AGGRESSIVE;
				GCC_WARN_UNUSED_FUNCTION = YES;
				GCC_WARN_UNUSED_VARIABLE = YES;
				IPHONEOS_DEPLOYMENT_TARGET = 14.0;
				MTL_ENABLE_DEBUG_INFO = INCLUDE_SOURCE;
				MTL_FAST_MATH = YES;
				ONLY_ACTIVE_ARCH = YES;
				SDKROOT = iphoneos;
			};
			name = Debug;
		};
		582D0C6525187AE800D57FEB /* Release */ = {
			isa = XCBuildConfiguration;
			buildSettings = {
				ALWAYS_SEARCH_USER_PATHS = NO;
				CLANG_ANALYZER_NONNULL = YES;
				CLANG_ANALYZER_NUMBER_OBJECT_CONVERSION = YES_AGGRESSIVE;
				CLANG_CXX_LANGUAGE_STANDARD = "gnu++14";
				CLANG_CXX_LIBRARY = "libc++";
				CLANG_ENABLE_MODULES = YES;
				CLANG_ENABLE_OBJC_ARC = YES;
				CLANG_ENABLE_OBJC_WEAK = YES;
				CLANG_WARN_BLOCK_CAPTURE_AUTORELEASING = YES;
				CLANG_WARN_BOOL_CONVERSION = YES;
				CLANG_WARN_COMMA = YES;
				CLANG_WARN_CONSTANT_CONVERSION = YES;
				CLANG_WARN_DEPRECATED_OBJC_IMPLEMENTATIONS = YES;
				CLANG_WARN_DIRECT_OBJC_ISA_USAGE = YES_ERROR;
				CLANG_WARN_DOCUMENTATION_COMMENTS = YES;
				CLANG_WARN_EMPTY_BODY = YES;
				CLANG_WARN_ENUM_CONVERSION = YES;
				CLANG_WARN_INFINITE_RECURSION = YES;
				CLANG_WARN_INT_CONVERSION = YES;
				CLANG_WARN_NON_LITERAL_NULL_CONVERSION = YES;
				CLANG_WARN_OBJC_IMPLICIT_RETAIN_SELF = YES;
				CLANG_WARN_OBJC_LITERAL_CONVERSION = YES;
				CLANG_WARN_OBJC_ROOT_CLASS = YES_ERROR;
				CLANG_WARN_QUOTED_INCLUDE_IN_FRAMEWORK_HEADER = YES;
				CLANG_WARN_RANGE_LOOP_ANALYSIS = YES;
				CLANG_WARN_STRICT_PROTOTYPES = YES;
				CLANG_WARN_SUSPICIOUS_MOVE = YES;
				CLANG_WARN_UNGUARDED_AVAILABILITY = YES_AGGRESSIVE;
				CLANG_WARN_UNREACHABLE_CODE = YES;
				CLANG_WARN__DUPLICATE_METHOD_MATCH = YES;
				COPY_PHASE_STRIP = NO;
				DEBUG_INFORMATION_FORMAT = "dwarf-with-dsym";
				ENABLE_NS_ASSERTIONS = NO;
				ENABLE_STRICT_OBJC_MSGSEND = YES;
				GCC_C_LANGUAGE_STANDARD = gnu11;
				GCC_NO_COMMON_BLOCKS = YES;
				GCC_WARN_64_TO_32_BIT_CONVERSION = YES;
				GCC_WARN_ABOUT_RETURN_TYPE = YES_ERROR;
				GCC_WARN_UNDECLARED_SELECTOR = YES;
				GCC_WARN_UNINITIALIZED_AUTOS = YES_AGGRESSIVE;
				GCC_WARN_UNUSED_FUNCTION = YES;
				GCC_WARN_UNUSED_VARIABLE = YES;
				IPHONEOS_DEPLOYMENT_TARGET = 14.0;
				MTL_ENABLE_DEBUG_INFO = NO;
				MTL_FAST_MATH = YES;
				SDKROOT = iphoneos;
				VALIDATE_PRODUCT = YES;
			};
			name = Release;
		};
		582D0C6725187AE800D57FEB /* Debug */ = {
			isa = XCBuildConfiguration;
			buildSettings = {
				ASSETCATALOG_COMPILER_APPICON_NAME = AppIcon;
				ASSETCATALOG_COMPILER_GLOBAL_ACCENT_COLOR_NAME = AccentColor;
				CODE_SIGN_STYLE = Automatic;
				DEVELOPMENT_TEAM = TJG8A795S9;
				INFOPLIST_FILE = ZMFontSet/Info.plist;
				LD_RUNPATH_SEARCH_PATHS = (
					"$(inherited)",
					"@executable_path/Frameworks",
				);
				PRODUCT_BUNDLE_IDENTIFIER = com.zmm.fontSet.ZMFontSet;
				PRODUCT_NAME = "$(TARGET_NAME)";
				TARGETED_DEVICE_FAMILY = "1,2";
			};
			name = Debug;
		};
		582D0C6825187AE800D57FEB /* Release */ = {
			isa = XCBuildConfiguration;
			buildSettings = {
				ASSETCATALOG_COMPILER_APPICON_NAME = AppIcon;
				ASSETCATALOG_COMPILER_GLOBAL_ACCENT_COLOR_NAME = AccentColor;
				CODE_SIGN_STYLE = Automatic;
				DEVELOPMENT_TEAM = TJG8A795S9;
				INFOPLIST_FILE = ZMFontSet/Info.plist;
				LD_RUNPATH_SEARCH_PATHS = (
					"$(inherited)",
					"@executable_path/Frameworks",
				);
				PRODUCT_BUNDLE_IDENTIFIER = com.zmm.fontSet.ZMFontSet;
				PRODUCT_NAME = "$(TARGET_NAME)";
				TARGETED_DEVICE_FAMILY = "1,2";
			};
			name = Release;
		};
/* End XCBuildConfiguration section */

/* Begin XCConfigurationList section */
		582D0C4825187AE500D57FEB /* Build configuration list for PBXProject "ZMFontSet" */ = {
			isa = XCConfigurationList;
			buildConfigurations = (
				582D0C6425187AE800D57FEB /* Debug */,
				582D0C6525187AE800D57FEB /* Release */,
			);
			defaultConfigurationIsVisible = 0;
			defaultConfigurationName = Release;
		};
		582D0C6625187AE800D57FEB /* Build configuration list for PBXNativeTarget "ZMFontSet" */ = {
			isa = XCConfigurationList;
			buildConfigurations = (
				582D0C6725187AE800D57FEB /* Debug */,
				582D0C6825187AE800D57FEB /* Release */,
			);
			defaultConfigurationIsVisible = 0;
			defaultConfigurationName = Release;
		};
/* End XCConfigurationList section */
	};
	rootObject = 582D0C4525187AE500D57FEB /* Project object */;
}
